
Microsoft Visual Studio Solution File, Format Version 12.00
# Visual Studio 15
VisualStudioVersion = 15.0.26430.14
MinimumVisualStudioVersion = 10.0.40219.1
Project("{9A19103F-16F7-4668-BE54-9A1E7A4F7556}") = "RSCrypto.Assymetric", "RSCrypto.Assymetric\RSCrypto.Assymetric.csproj", "{5AB6E071-F200-4EF3-BCAD-A8ADFF3F339E}"
EndProject
Project("{2150E333-8FDC-42A3-9474-1A3956D46DE8}") = "Tests", "Tests", "{FFE44D9A-0D7C-422F-BDCF-54DC5A202A76}"
EndProject
Project("{FAE04EC0-301F-11D3-BF4B-00C04F79EFBC}") = "RSCrypto.Tests", "Tests\RSCrypto.Tests\RSCrypto.Tests.csproj", "{14610F36-952B-453D-BD42-672D915ADDE9}"
EndProject
Global
	GlobalSection(SolutionConfigurationPlatforms) = preSolution
		Debug|Any CPU = Debug|Any CPU
		Release|Any CPU = Release|Any CPU
	EndGlobalSection
	GlobalSection(ProjectConfigurationPlatforms) = postSolution
		{5AB6E071-F200-4EF3-BCAD-A8ADFF3F339E}.Debug|Any CPU.ActiveCfg = Debug|Any CPU
		{5AB6E071-F200-4EF3-BCAD-A8ADFF3F339E}.Debug|Any CPU.Build.0 = Debug|Any CPU
		{5AB6E071-F200-4EF3-BCAD-A8ADFF3F339E}.Release|Any CPU.ActiveCfg = Release|Any CPU
		{5AB6E071-F200-4EF3-BCAD-A8ADFF3F339E}.Release|Any CPU.Build.0 = Release|Any CPU
		{14610F36-952B-453D-BD42-672D915ADDE9}.Debug|Any CPU.ActiveCfg = Debug|Any CPU
		{14610F36-952B-453D-BD42-672D915ADDE9}.Debug|Any CPU.Build.0 = Debug|Any CPU
		{14610F36-952B-453D-BD42-672D915ADDE9}.Release|Any CPU.ActiveCfg = Release|Any CPU
		{14610F36-952B-453D-BD42-672D915ADDE9}.Release|Any CPU.Build.0 = Release|Any CPU
	EndGlobalSection
	GlobalSection(SolutionProperties) = preSolution
		HideSolutionNode = FALSE
	EndGlobalSection
	GlobalSection(NestedProjects) = preSolution
		{14610F36-952B-453D-BD42-672D915ADDE9} = {FFE44D9A-0D7C-422F-BDCF-54DC5A202A76}
	EndGlobalSection
EndGlobal
